
Microsoft Visual Studio Solution File, Format Version 11.00
# Visual Studio 2010
Project("{8BC9CEB8-8B4A-11D0-8D11-00A0C91BC942}") = "Fit", "Fit\Fit.vcxproj", "{EF4A98C9-77D4-4281-8E7A-B0FE9476173D}"
EndProject
Project("{2150E333-8FDC-42A3-9474-1A3956D46DE8}") = "Solution Items", "Solution Items", "{E4DBC3CC-59C6-43B3-9644-E18732C1BE0C}"
	ProjectSection(SolutionItems) = preProject
		Fit.vsmdi = Fit.vsmdi
		Local.testsettings = Local.testsettings
		TraceAndTestImpact.testsettings = TraceAndTestImpact.testsettings
	EndProjectSection
EndProject
Global
	GlobalSection(TestCaseManagementSettings) = postSolution
		CategoryFile = Fit.vsmdi
	EndGlobalSection
	GlobalSection(SolutionConfigurationPlatforms) = preSolution
		Debug|Win32 = Debug|Win32
		Release|Win32 = Release|Win32
	EndGlobalSection
	GlobalSection(ProjectConfigurationPlatforms) = postSolution
		{EF4A98C9-77D4-4281-8E7A-B0FE9476173D}.Debug|Win32.ActiveCfg = Debug|Win32
		{EF4A98C9-77D4-4281-8E7A-B0FE9476173D}.Debug|Win32.Build.0 = Debug|Win32
		{EF4A98C9-77D4-4281-8E7A-B0FE9476173D}.Release|Win32.ActiveCfg = Release|Win32
		{EF4A98C9-77D4-4281-8E7A-B0FE9476173D}.Release|Win32.Build.0 = Release|Win32
	EndGlobalSection
	GlobalSection(SolutionProperties) = preSolution
		HideSolutionNode = FALSE
	EndGlobalSection
EndGlobal
